
Microsoft Visual Studio Solution File, Format Version 12.00
# Visual Studio Version 17
VisualStudioVersion = 17.14.36915.13 d17.14
MinimumVisualStudioVersion = 10.0.40219.1
Project("{FAE04EC0-301F-11D3-BF4B-00C04F79EFBC}") = "Employee_Management_System", "Employee_Management_System.csproj", "{8BF41B79-75C4-4BA2-A019-740B7632736A}"
EndProject
Global
	GlobalSection(SolutionConfigurationPlatforms) = preSolution
		Debug|Any CPU = Debug|Any CPU
		Release|Any CPU = Release|Any CPU
	EndGlobalSection
	GlobalSection(ProjectConfigurationPlatforms) = postSolution
		{8BF41B79-75C4-4BA2-A019-740B7632736A}.Debug|Any CPU.ActiveCfg = Debug|Any CPU
		{8BF41B79-75C4-4BA2-A019-740B7632736A}.Debug|Any CPU.Build.0 = Debug|Any CPU
		{8BF41B79-75C4-4BA2-A019-740B7632736A}.Release|Any CPU.ActiveCfg = Release|Any CPU
		{8BF41B79-75C4-4BA2-A019-740B7632736A}.Release|Any CPU.Build.0 = Release|Any CPU
	EndGlobalSection
	GlobalSection(SolutionProperties) = preSolution
		HideSolutionNode = FALSE
	EndGlobalSection
	GlobalSection(ExtensibilityGlobals) = postSolution
		SolutionGuid = {3A1A984A-E91A-4923-A7BD-A4214405CC5D}
	EndGlobalSection
EndGlobal
